
Microsoft Visual Studio Solution File, Format Version 12.00
# Visual Studio Version 17
VisualStudioVersion = 17.8.34309.116
MinimumVisualStudioVersion = 10.0.40219.1
Project("{FAE04EC0-301F-11D3-BF4B-00C04F79EFBC}") = "APIBankingDiplom", "APIBankingDiplom\APIBankingDiplom.csproj", "{B7B062A0-75F2-4697-A7CD-2F8CD1261308}"
EndProject
Global
	GlobalSection(SolutionConfigurationPlatforms) = preSolution
		Debug|Any CPU = Debug|Any CPU
		Release|Any CPU = Release|Any CPU
	EndGlobalSection
	GlobalSection(ProjectConfigurationPlatforms) = postSolution
		{B7B062A0-75F2-4697-A7CD-2F8CD1261308}.Debug|Any CPU.ActiveCfg = Debug|Any CPU
		{B7B062A0-75F2-4697-A7CD-2F8CD1261308}.Debug|Any CPU.Build.0 = Debug|Any CPU
		{B7B062A0-75F2-4697-A7CD-2F8CD1261308}.Release|Any CPU.ActiveCfg = Release|Any CPU
		{B7B062A0-75F2-4697-A7CD-2F8CD1261308}.Release|Any CPU.Build.0 = Release|Any CPU
	EndGlobalSection
	GlobalSection(SolutionProperties) = preSolution
		HideSolutionNode = FALSE
	EndGlobalSection
	GlobalSection(ExtensibilityGlobals) = postSolution
		SolutionGuid = {1A0CC4C3-5319-4798-8804-C364463ACCE1}
	EndGlobalSection
EndGlobal
